{
    "requires": true,
    "lockfileVersion": 1,
    "dependencies": {
        "@prettier/plugin-php": {
            "version": "0.17.3",
            "resolved": "https://registry.npmjs.org/@prettier/plugin-php/-/plugin-php-0.17.3.tgz",
            "integrity": "sha512-kD5IrGyKWF/p3XActVZ+GfbMl9knoK3XKBTG2bytpOtCO0+Q8eozimSgk/493rgFkXL3W2Ap/4GKgZf7u64+ow==",
            "dev": true,
            "requires": {
                "linguist-languages": "^7.5.1",
                "mem": "^8.0.0",
                "php-parser": "git+https://github.com/glayzzle/php-parser.git#e61e26102144f267ecf5e09020865a9baa6ca2f1"
            }
        },
        "@prettier/plugin-xml": {
            "version": "1.0.2",
            "resolved": "https://registry.npmjs.org/@prettier/plugin-xml/-/plugin-xml-1.0.2.tgz",
            "integrity": "sha512-QNqKaa56/7trSqVuGDUzS9xw6Hx0qOklAwA7A2Mn89FPnPywyrK/GNCO71XK0AfoRNrmY0vETVpR2pWpBwfzow==",
            "dev": true,
            "requires": {
                "@xml-tools/parser": "^1.0.11",
                "prettier": ">=2.3"
            }
        },
        "@xml-tools/parser": {
            "version": "1.0.11",
            "resolved": "https://registry.npmjs.org/@xml-tools/parser/-/parser-1.0.11.tgz",
            "integrity": "sha512-aKqQ077XnR+oQtHJlrAflaZaL7qZsulWc/i/ZEooar5JiWj1eLt0+Wg28cpa+XLney107wXqneC+oG1IZvxkTA==",
            "dev": true,
            "requires": {
                "chevrotain": "7.1.1"
            }
        },
        "chevrotain": {
            "version": "7.1.1",
            "resolved": "https://registry.npmjs.org/chevrotain/-/chevrotain-7.1.1.tgz",
            "integrity": "sha512-wy3mC1x4ye+O+QkEinVJkPf5u2vsrDIYW9G7ZuwFl6v/Yu0LwUuT2POsb+NUWApebyxfkQq6+yDfRExbnI5rcw==",
            "dev": true,
            "requires": {
                "regexp-to-ast": "0.5.0"
            }
        },
        "linguist-languages": {
            "version": "7.15.0",
            "resolved": "https://registry.npmjs.org/linguist-languages/-/linguist-languages-7.15.0.tgz",
            "integrity": "sha512-qkSSNDjDDycZ2Wcw+GziNBB3nNo3ddYUInM/PL8Amgwbd9RQ/BKGj2/1d6mdxKgBFnUqZuaDbkIwkE4KUwwmtQ==",
            "dev": true
        },
        "map-age-cleaner": {
            "version": "0.1.3",
            "resolved": "https://registry.npmjs.org/map-age-cleaner/-/map-age-cleaner-0.1.3.tgz",
            "integrity": "sha512-bJzx6nMoP6PDLPBFmg7+xRKeFZvFboMrGlxmNj9ClvX53KrmvM5bXFXEWjbz4cz1AFn+jWJ9z/DJSz7hrs0w3w==",
            "dev": true,
            "requires": {
                "p-defer": "^1.0.0"
            }
        },
        "mem": {
            "version": "8.1.1",
            "resolved": "https://registry.npmjs.org/mem/-/mem-8.1.1.tgz",
            "integrity": "sha512-qFCFUDs7U3b8mBDPyz5EToEKoAkgCzqquIgi9nkkR9bixxOVOre+09lbuH7+9Kn2NFpm56M3GUWVbU2hQgdACA==",
            "dev": true,
            "requires": {
                "map-age-cleaner": "^0.1.3",
                "mimic-fn": "^3.1.0"
            }
        },
        "mimic-fn": {
            "version": "3.1.0",
            "resolved": "https://registry.npmjs.org/mimic-fn/-/mimic-fn-3.1.0.tgz",
            "integrity": "sha512-Ysbi9uYW9hFyfrThdDEQuykN4Ey6BuwPD2kpI5ES/nFTDn/98yxYNLZJcgUAKPT/mcrLLKaGzJR9YVxJrIdASQ==",
            "dev": true
        },
        "p-defer": {
            "version": "1.0.0",
            "resolved": "https://registry.npmjs.org/p-defer/-/p-defer-1.0.0.tgz",
            "integrity": "sha1-n26xgvbJqozXQwBKfU+WsZaw+ww=",
            "dev": true
        },
        "php-parser": {
            "version": "git+https://github.com/glayzzle/php-parser.git#e61e26102144f267ecf5e09020865a9baa6ca2f1",
            "from": "git+https://github.com/glayzzle/php-parser.git#e61e26102144f267ecf5e09020865a9baa6ca2f1",
            "dev": true
        },
        "prettier": {
            "version": "2.3.2",
            "resolved": "https://registry.npmjs.org/prettier/-/prettier-2.3.2.tgz",
            "integrity": "sha512-lnJzDfJ66zkMy58OL5/NY5zp70S7Nz6KqcKkXYzn2tMVrNxvbqaBpg7H3qHaLxCJ5lNMsGuM8+ohS7cZrthdLQ==",
            "dev": true
        },
        "regexp-to-ast": {
            "version": "0.5.0",
            "resolved": "https://registry.npmjs.org/regexp-to-ast/-/regexp-to-ast-0.5.0.tgz",
            "integrity": "sha512-tlbJqcMHnPKI9zSrystikWKwHkBqu2a/Sgw01h3zFjvYrMxEDYHzzoMZnUrbIfpTFEsoRnnviOXNCzFiSc54Qw==",
            "dev": true
        }
    }
}
