{
    "name": "Fuse",
    "lockfileVersion": 3,
    "requires": true,
    "packages": {
        "": {
            "devDependencies": {
                "@prettier/plugin-php": "^0.20.1",
                "@prettier/plugin-xml": "^3.2.1",
                "prettier": "^3.0.3"
            }
        },
        "node_modules/@prettier/plugin-php": {
            "version": "0.20.1",
            "resolved": "https://registry.npmjs.org/@prettier/plugin-php/-/plugin-php-0.20.1.tgz",
            "integrity": "sha512-CFn+NH44jb0buvg8D/DvLjeetadmNBMRq3yrgL8I+tXioDZlhQ+eBLLRILPEBIQ6jBmOjzm/Q7Qin8KD7raiFw==",
            "dev": true,
            "dependencies": {
                "linguist-languages": "^7.21.0",
                "mem": "^9.0.2",
                "php-parser": "^3.1.5"
            },
            "peerDependencies": {
                "prettier": "^3.0.0"
            }
        },
        "node_modules/@prettier/plugin-xml": {
            "version": "3.2.1",
            "resolved": "https://registry.npmjs.org/@prettier/plugin-xml/-/plugin-xml-3.2.1.tgz",
            "integrity": "sha512-DvwnQPf8FsczapBVDm54IhR+Pryt3DbPZSNtUb9gOuFtgoUUPbPN69f3nQBMF5BEqh4ZjZjTaHBmsVno3UnAXQ==",
            "dev": true,
            "dependencies": {
                "@xml-tools/parser": "^1.0.11"
            },
            "peerDependencies": {
                "prettier": "^3.0.0"
            }
        },
        "node_modules/@xml-tools/parser": {
            "version": "1.0.11",
            "resolved": "https://registry.npmjs.org/@xml-tools/parser/-/parser-1.0.11.tgz",
            "integrity": "sha512-aKqQ077XnR+oQtHJlrAflaZaL7qZsulWc/i/ZEooar5JiWj1eLt0+Wg28cpa+XLney107wXqneC+oG1IZvxkTA==",
            "dev": true,
            "dependencies": {
                "chevrotain": "7.1.1"
            }
        },
        "node_modules/chevrotain": {
            "version": "7.1.1",
            "resolved": "https://registry.npmjs.org/chevrotain/-/chevrotain-7.1.1.tgz",
            "integrity": "sha512-wy3mC1x4ye+O+QkEinVJkPf5u2vsrDIYW9G7ZuwFl6v/Yu0LwUuT2POsb+NUWApebyxfkQq6+yDfRExbnI5rcw==",
            "dev": true,
            "dependencies": {
                "regexp-to-ast": "0.5.0"
            }
        },
        "node_modules/linguist-languages": {
            "version": "7.26.1",
            "resolved": "https://registry.npmjs.org/linguist-languages/-/linguist-languages-7.26.1.tgz",
            "integrity": "sha512-B9O5pDocOkfswmA0qKrqdfeua1TxeQ5PPWdsuo5QRXFv2N0tB3plY+DVWvSWiGkjdqKNU3KBjJYHs/jRXG0adw==",
            "dev": true
        },
        "node_modules/map-age-cleaner": {
            "version": "0.1.3",
            "resolved": "https://registry.npmjs.org/map-age-cleaner/-/map-age-cleaner-0.1.3.tgz",
            "integrity": "sha512-bJzx6nMoP6PDLPBFmg7+xRKeFZvFboMrGlxmNj9ClvX53KrmvM5bXFXEWjbz4cz1AFn+jWJ9z/DJSz7hrs0w3w==",
            "dev": true,
            "dependencies": {
                "p-defer": "^1.0.0"
            },
            "engines": {
                "node": ">=6"
            }
        },
        "node_modules/mem": {
            "version": "9.0.2",
            "resolved": "https://registry.npmjs.org/mem/-/mem-9.0.2.tgz",
            "integrity": "sha512-F2t4YIv9XQUBHt6AOJ0y7lSmP1+cY7Fm1DRh9GClTGzKST7UWLMx6ly9WZdLH/G/ppM5RL4MlQfRT71ri9t19A==",
            "dev": true,
            "dependencies": {
                "map-age-cleaner": "^0.1.3",
                "mimic-fn": "^4.0.0"
            },
            "engines": {
                "node": ">=12.20"
            },
            "funding": {
                "url": "https://github.com/sindresorhus/mem?sponsor=1"
            }
        },
        "node_modules/mimic-fn": {
            "version": "4.0.0",
            "resolved": "https://registry.npmjs.org/mimic-fn/-/mimic-fn-4.0.0.tgz",
            "integrity": "sha512-vqiC06CuhBTUdZH+RYl8sFrL096vA45Ok5ISO6sE/Mr1jRbGH4Csnhi8f3wKVl7x8mO4Au7Ir9D3Oyv1VYMFJw==",
            "dev": true,
            "engines": {
                "node": ">=12"
            },
            "funding": {
                "url": "https://github.com/sponsors/sindresorhus"
            }
        },
        "node_modules/p-defer": {
            "version": "1.0.0",
            "resolved": "https://registry.npmjs.org/p-defer/-/p-defer-1.0.0.tgz",
            "integrity": "sha512-wB3wfAxZpk2AzOfUMJNL+d36xothRSyj8EXOa4f6GMqYDN9BJaaSISbsk+wS9abmnebVw95C2Kb5t85UmpCxuw==",
            "dev": true,
            "engines": {
                "node": ">=4"
            }
        },
        "node_modules/php-parser": {
            "version": "3.1.5",
            "resolved": "https://registry.npmjs.org/php-parser/-/php-parser-3.1.5.tgz",
            "integrity": "sha512-jEY2DcbgCm5aclzBdfW86GM6VEIWcSlhTBSHN1qhJguVePlYe28GhwS0yoeLYXpM2K8y6wzLwrbq814n2PHSoQ==",
            "dev": true
        },
        "node_modules/prettier": {
            "version": "3.0.3",
            "resolved": "https://registry.npmjs.org/prettier/-/prettier-3.0.3.tgz",
            "integrity": "sha512-L/4pUDMxcNa8R/EthV08Zt42WBO4h1rarVtK0K+QJG0X187OLo7l699jWw0GKuwzkPQ//jMFA/8Xm6Fh3J/DAg==",
            "dev": true,
            "bin": {
                "prettier": "bin/prettier.cjs"
            },
            "engines": {
                "node": ">=14"
            },
            "funding": {
                "url": "https://github.com/prettier/prettier?sponsor=1"
            }
        },
        "node_modules/regexp-to-ast": {
            "version": "0.5.0",
            "resolved": "https://registry.npmjs.org/regexp-to-ast/-/regexp-to-ast-0.5.0.tgz",
            "integrity": "sha512-tlbJqcMHnPKI9zSrystikWKwHkBqu2a/Sgw01h3zFjvYrMxEDYHzzoMZnUrbIfpTFEsoRnnviOXNCzFiSc54Qw==",
            "dev": true
        }
    }
}
